
Microsoft Visual Studio Solution File, Format Version 12.00
# Visual Studio Version 16
VisualStudioVersion = 16.0.30105.148
MinimumVisualStudioVersion = 10.0.40219.1
Project("{9A19103F-16F7-4668-BE54-9A1E7A4F7556}") = "Business", "Business\Business.csproj", "{515958BE-77AA-4DBB-B896-EC97C5DEA76B}"
EndProject
Project("{FAE04EC0-301F-11D3-BF4B-00C04F79EFBC}") = "Core", "Core\Core.csproj", "{9A19A57F-7053-43AF-A8A1-0B3898E4B22B}"
EndProject
Project("{FAE04EC0-301F-11D3-BF4B-00C04F79EFBC}") = "Entity", "Entity\Entity.csproj", "{FD4C0777-8A57-4E2B-9FC9-D2F51551C5D4}"
EndProject
Project("{FAE04EC0-301F-11D3-BF4B-00C04F79EFBC}") = "DataAccess", "DataAccess\DataAccess.csproj", "{8DEB6AEE-E298-41DC-8AA9-1493865EA9C4}"
EndProject
Project("{FAE04EC0-301F-11D3-BF4B-00C04F79EFBC}") = "RedisApi", "RedisApi\RedisApi.csproj", "{35A91D4F-56E4-40D7-B40E-656F3242DF1C}"
EndProject
Global
	GlobalSection(SolutionConfigurationPlatforms) = preSolution
		Debug|Any CPU = Debug|Any CPU
		Release|Any CPU = Release|Any CPU
	EndGlobalSection
	GlobalSection(ProjectConfigurationPlatforms) = postSolution
		{515958BE-77AA-4DBB-B896-EC97C5DEA76B}.Debug|Any CPU.ActiveCfg = Debug|Any CPU
		{515958BE-77AA-4DBB-B896-EC97C5DEA76B}.Debug|Any CPU.Build.0 = Debug|Any CPU
		{515958BE-77AA-4DBB-B896-EC97C5DEA76B}.Release|Any CPU.ActiveCfg = Release|Any CPU
		{515958BE-77AA-4DBB-B896-EC97C5DEA76B}.Release|Any CPU.Build.0 = Release|Any CPU
		{9A19A57F-7053-43AF-A8A1-0B3898E4B22B}.Debug|Any CPU.ActiveCfg = Debug|Any CPU
		{9A19A57F-7053-43AF-A8A1-0B3898E4B22B}.Debug|Any CPU.Build.0 = Debug|Any CPU
		{9A19A57F-7053-43AF-A8A1-0B3898E4B22B}.Release|Any CPU.ActiveCfg = Release|Any CPU
		{9A19A57F-7053-43AF-A8A1-0B3898E4B22B}.Release|Any CPU.Build.0 = Release|Any CPU
		{FD4C0777-8A57-4E2B-9FC9-D2F51551C5D4}.Debug|Any CPU.ActiveCfg = Debug|Any CPU
		{FD4C0777-8A57-4E2B-9FC9-D2F51551C5D4}.Debug|Any CPU.Build.0 = Debug|Any CPU
		{FD4C0777-8A57-4E2B-9FC9-D2F51551C5D4}.Release|Any CPU.ActiveCfg = Release|Any CPU
		{FD4C0777-8A57-4E2B-9FC9-D2F51551C5D4}.Release|Any CPU.Build.0 = Release|Any CPU
		{8DEB6AEE-E298-41DC-8AA9-1493865EA9C4}.Debug|Any CPU.ActiveCfg = Debug|Any CPU
		{8DEB6AEE-E298-41DC-8AA9-1493865EA9C4}.Debug|Any CPU.Build.0 = Debug|Any CPU
		{8DEB6AEE-E298-41DC-8AA9-1493865EA9C4}.Release|Any CPU.ActiveCfg = Release|Any CPU
		{8DEB6AEE-E298-41DC-8AA9-1493865EA9C4}.Release|Any CPU.Build.0 = Release|Any CPU
		{35A91D4F-56E4-40D7-B40E-656F3242DF1C}.Debug|Any CPU.ActiveCfg = Debug|Any CPU
		{35A91D4F-56E4-40D7-B40E-656F3242DF1C}.Debug|Any CPU.Build.0 = Debug|Any CPU
		{35A91D4F-56E4-40D7-B40E-656F3242DF1C}.Release|Any CPU.ActiveCfg = Release|Any CPU
		{35A91D4F-56E4-40D7-B40E-656F3242DF1C}.Release|Any CPU.Build.0 = Release|Any CPU
	EndGlobalSection
	GlobalSection(SolutionProperties) = preSolution
		HideSolutionNode = FALSE
	EndGlobalSection
	GlobalSection(ExtensibilityGlobals) = postSolution
		SolutionGuid = {1EC46428-A1A1-495F-BC9F-68AF4C7D3E56}
	EndGlobalSection
EndGlobal
